// !$*UTF8*$!
{
	archiveVersion = 1;
	classes = {
	};
	objectVersion = 56;
	objects = {

/* Begin PBXBuildFile section */
		6BA79EC62CCB6CAE00FB1310 /* WorkSpaceCell.swift in Sources */ = {isa = PBXBuildFile; fileRef = 6BA79EC52CCB6CAE00FB1310 /* WorkSpaceCell.swift */; };
		6BA79EC82CCB723800FB1310 /* StoreCoinCell.swift in Sources */ = {isa = PBXBuildFile; fileRef = 6BA79EC72CCB723800FB1310 /* StoreCoinCell.swift */; };
		6BA79ECA2CCB796F00FB1310 /* StoreInformationCell.swift in Sources */ = {isa = PBXBuildFile; fileRef = 6BA79EC92CCB796F00FB1310 /* StoreInformationCell.swift */; };
		6BA79ECC2CCB7BA700FB1310 /* SpaceManagerListCell.swift in Sources */ = {isa = PBXBuildFile; fileRef = 6BA79ECB2CCB7BA700FB1310 /* SpaceManagerListCell.swift */; };
		6BD3975D2CCA819500F7097D /* ModiSpaceApp.swift in Sources */ = {isa = PBXBuildFile; fileRef = 6BD3975C2CCA819500F7097D /* ModiSpaceApp.swift */; };
		6BD3975F2CCA819500F7097D /* ContentView.swift in Sources */ = {isa = PBXBuildFile; fileRef = 6BD3975E2CCA819500F7097D /* ContentView.swift */; };
		6BD397612CCA819700F7097D /* Assets.xcassets in Resources */ = {isa = PBXBuildFile; fileRef = 6BD397602CCA819700F7097D /* Assets.xcassets */; };
		6BD397642CCA819700F7097D /* Preview Assets.xcassets in Resources */ = {isa = PBXBuildFile; fileRef = 6BD397632CCA819700F7097D /* Preview Assets.xcassets */; };
		6BD3976B2CCA81AD00F7097D /* .gitignore in Resources */ = {isa = PBXBuildFile; fileRef = 6BD3976A2CCA81AD00F7097D /* .gitignore */; };
		6BD3976F2CCA89CE00F7097D /* FontType.swift in Sources */ = {isa = PBXBuildFile; fileRef = 6BD3976E2CCA89CE00F7097D /* FontType.swift */; };
		6BD397722CCA8D2500F7097D /* CustomFontModifier.swift in Sources */ = {isa = PBXBuildFile; fileRef = 6BD397712CCA8D2500F7097D /* CustomFontModifier.swift */; };
		72CA3E5F2CCCE169002FE5C4 /* ProfileNickView.swift in Sources */ = {isa = PBXBuildFile; fileRef = 72CA3E5E2CCCE169002FE5C4 /* ProfileNickView.swift */; };
		72CA3E612CCD04DB002FE5C4 /* DMListCell.swift in Sources */ = {isa = PBXBuildFile; fileRef = 72CA3E602CCD04DB002FE5C4 /* DMListCell.swift */; };
		72CA3E632CCD1263002FE5C4 /* CustomButton.swift in Sources */ = {isa = PBXBuildFile; fileRef = 72CA3E622CCD1263002FE5C4 /* CustomButton.swift */; };
		AA54FCE22CCCB81D00D09293 /* endTextEditing.swift in Sources */ = {isa = PBXBuildFile; fileRef = AA54FCE12CCCB81D00D09293 /* endTextEditing.swift */; };
		AA54FCE42CCCB83600D09293 /* AlertCell.swift in Sources */ = {isa = PBXBuildFile; fileRef = AA54FCE32CCCB83600D09293 /* AlertCell.swift */; };
		AA54FCE62CCCB84700D09293 /* InputFieldCell.swift in Sources */ = {isa = PBXBuildFile; fileRef = AA54FCE52CCCB84700D09293 /* InputFieldCell.swift */; };
		AA54FCE82CCCB85700D09293 /* BasicLargeButtonCell.swift in Sources */ = {isa = PBXBuildFile; fileRef = AA54FCE72CCCB85700D09293 /* BasicLargeButtonCell.swift */; };
		AA54FCEC2CCCB8B200D09293 /* SettingChannel_Home.swift in Sources */ = {isa = PBXBuildFile; fileRef = AA54FCEB2CCCB8B200D09293 /* SettingChannel_Home.swift */; };
		AA54FCEE2CCCB8C200D09293 /* MemberList.swift in Sources */ = {isa = PBXBuildFile; fileRef = AA54FCED2CCCB8C200D09293 /* MemberList.swift */; };
		AA54FCF12CCCB8F000D09293 /* SettingChannelButtonCell.swift in Sources */ = {isa = PBXBuildFile; fileRef = AA54FCF02CCCB8F000D09293 /* SettingChannelButtonCell.swift */; };
		AA54FCF32CCCB90100D09293 /* MemberCell.swift in Sources */ = {isa = PBXBuildFile; fileRef = AA54FCF22CCCB90100D09293 /* MemberCell.swift */; };
		AA54FCF52CCCB91300D09293 /* SettingChannelHeaderViewCell.swift in Sources */ = {isa = PBXBuildFile; fileRef = AA54FCF42CCCB91300D09293 /* SettingChannelHeaderViewCell.swift */; };
		AA54FCF82CCCB95900D09293 /* LoginView.swift in Sources */ = {isa = PBXBuildFile; fileRef = AA54FCF72CCCB95900D09293 /* LoginView.swift */; };
		AA54FCFA2CCCB96C00D09293 /* RegisterChannelView.swift in Sources */ = {isa = PBXBuildFile; fileRef = AA54FCF92CCCB96C00D09293 /* RegisterChannelView.swift */; };
		AA54FCFC2CCCB97D00D09293 /* InviteMemberView.swift in Sources */ = {isa = PBXBuildFile; fileRef = AA54FCFB2CCCB97D00D09293 /* InviteMemberView.swift */; };
		AA54FCFF2CCCB9A900D09293 /* ChannelView_Home.swift in Sources */ = {isa = PBXBuildFile; fileRef = AA54FCFE2CCCB9A900D09293 /* ChannelView_Home.swift */; };
		AA54FD012CCCB9BB00D09293 /* CategoryListView.swift in Sources */ = {isa = PBXBuildFile; fileRef = AA54FD002CCCB9BB00D09293 /* CategoryListView.swift */; };
		AA54FD042CCCB9DE00D09293 /* HeaderViewCell.swift in Sources */ = {isa = PBXBuildFile; fileRef = AA54FD032CCCB9DE00D09293 /* HeaderViewCell.swift */; };
		AA54FD062CCCB9ED00D09293 /* ChannelListCell.swift in Sources */ = {isa = PBXBuildFile; fileRef = AA54FD052CCCB9ED00D09293 /* ChannelListCell.swift */; };
		AA54FD082CCCB9FE00D09293 /* DirectListCell.swift in Sources */ = {isa = PBXBuildFile; fileRef = AA54FD072CCCB9FE00D09293 /* DirectListCell.swift */; };
		AA54FD0A2CCCBA1000D09293 /* ChannelActionSheetCell.swift in Sources */ = {isa = PBXBuildFile; fileRef = AA54FD092CCCBA1000D09293 /* ChannelActionSheetCell.swift */; };
		AA54FD0C2CCCBA2200D09293 /* PlusButtonCell.swift in Sources */ = {isa = PBXBuildFile; fileRef = AA54FD0B2CCCBA2200D09293 /* PlusButtonCell.swift */; };
		AA54FD0E2CCCBA3400D09293 /* AddPostCircleCell.swift in Sources */ = {isa = PBXBuildFile; fileRef = AA54FD0D2CCCBA3400D09293 /* AddPostCircleCell.swift */; };
		AA54FD112CCCBA7400D09293 /* ChattingView_Home.swift in Sources */ = {isa = PBXBuildFile; fileRef = AA54FD102CCCBA7400D09293 /* ChattingView_Home.swift */; };
		AA54FD142CCCBA9D00D09293 /* ChatMessageRowCell.swift in Sources */ = {isa = PBXBuildFile; fileRef = AA54FD132CCCBA9D00D09293 /* ChatMessageRowCell.swift */; };
		AA54FD172CCCBABF00D09293 /* DummyMessage.swift in Sources */ = {isa = PBXBuildFile; fileRef = AA54FD162CCCBABF00D09293 /* DummyMessage.swift */; };
		AA54FD192CCCBB3400D09293 /* NewMessageView.swift in Sources */ = {isa = PBXBuildFile; fileRef = AA54FD182CCCBB3400D09293 /* NewMessageView.swift */; };
/* End PBXBuildFile section */

/* Begin PBXFileReference section */
		6BA79EC52CCB6CAE00FB1310 /* WorkSpaceCell.swift */ = {isa = PBXFileReference; lastKnownFileType = sourcecode.swift; path = WorkSpaceCell.swift; sourceTree = "<group>"; };
		6BA79EC72CCB723800FB1310 /* StoreCoinCell.swift */ = {isa = PBXFileReference; lastKnownFileType = sourcecode.swift; path = StoreCoinCell.swift; sourceTree = "<group>"; };
		6BA79EC92CCB796F00FB1310 /* StoreInformationCell.swift */ = {isa = PBXFileReference; lastKnownFileType = sourcecode.swift; path = StoreInformationCell.swift; sourceTree = "<group>"; };
		6BA79ECB2CCB7BA700FB1310 /* SpaceManagerListCell.swift */ = {isa = PBXFileReference; lastKnownFileType = sourcecode.swift; path = SpaceManagerListCell.swift; sourceTree = "<group>"; };
		6BD397592CCA819500F7097D /* ModiSpace.app */ = {isa = PBXFileReference; explicitFileType = wrapper.application; includeInIndex = 0; path = ModiSpace.app; sourceTree = BUILT_PRODUCTS_DIR; };
		6BD3975C2CCA819500F7097D /* ModiSpaceApp.swift */ = {isa = PBXFileReference; lastKnownFileType = sourcecode.swift; path = ModiSpaceApp.swift; sourceTree = "<group>"; };
		6BD3975E2CCA819500F7097D /* ContentView.swift */ = {isa = PBXFileReference; lastKnownFileType = sourcecode.swift; path = ContentView.swift; sourceTree = "<group>"; };
		6BD397602CCA819700F7097D /* Assets.xcassets */ = {isa = PBXFileReference; lastKnownFileType = folder.assetcatalog; path = Assets.xcassets; sourceTree = "<group>"; };
		6BD397632CCA819700F7097D /* Preview Assets.xcassets */ = {isa = PBXFileReference; lastKnownFileType = folder.assetcatalog; path = "Preview Assets.xcassets"; sourceTree = "<group>"; };
		6BD3976A2CCA81AD00F7097D /* .gitignore */ = {isa = PBXFileReference; lastKnownFileType = text; path = .gitignore; sourceTree = "<group>"; };
		6BD3976C2CCA82D600F7097D /* Secretes.xcconfig */ = {isa = PBXFileReference; lastKnownFileType = text.xcconfig; path = Secretes.xcconfig; sourceTree = "<group>"; };
		6BD3976E2CCA89CE00F7097D /* FontType.swift */ = {isa = PBXFileReference; lastKnownFileType = sourcecode.swift; path = FontType.swift; sourceTree = "<group>"; };
		6BD397712CCA8D2500F7097D /* CustomFontModifier.swift */ = {isa = PBXFileReference; lastKnownFileType = sourcecode.swift; path = CustomFontModifier.swift; sourceTree = "<group>"; };
		72CA3E5E2CCCE169002FE5C4 /* ProfileNickView.swift */ = {isa = PBXFileReference; lastKnownFileType = sourcecode.swift; path = ProfileNickView.swift; sourceTree = "<group>"; };
		72CA3E602CCD04DB002FE5C4 /* DMListCell.swift */ = {isa = PBXFileReference; lastKnownFileType = sourcecode.swift; path = DMListCell.swift; sourceTree = "<group>"; };
		72CA3E622CCD1263002FE5C4 /* CustomButton.swift */ = {isa = PBXFileReference; lastKnownFileType = sourcecode.swift; path = CustomButton.swift; sourceTree = "<group>"; };
		AA54FCE12CCCB81D00D09293 /* endTextEditing.swift */ = {isa = PBXFileReference; lastKnownFileType = sourcecode.swift; path = endTextEditing.swift; sourceTree = "<group>"; };
		AA54FCE32CCCB83600D09293 /* AlertCell.swift */ = {isa = PBXFileReference; lastKnownFileType = sourcecode.swift; path = AlertCell.swift; sourceTree = "<group>"; };
		AA54FCE52CCCB84700D09293 /* InputFieldCell.swift */ = {isa = PBXFileReference; lastKnownFileType = sourcecode.swift; path = InputFieldCell.swift; sourceTree = "<group>"; };
		AA54FCE72CCCB85700D09293 /* BasicLargeButtonCell.swift */ = {isa = PBXFileReference; lastKnownFileType = sourcecode.swift; path = BasicLargeButtonCell.swift; sourceTree = "<group>"; };
		AA54FCEB2CCCB8B200D09293 /* SettingChannel_Home.swift */ = {isa = PBXFileReference; lastKnownFileType = sourcecode.swift; path = SettingChannel_Home.swift; sourceTree = "<group>"; };
		AA54FCED2CCCB8C200D09293 /* MemberList.swift */ = {isa = PBXFileReference; lastKnownFileType = sourcecode.swift; path = MemberList.swift; sourceTree = "<group>"; };
		AA54FCF02CCCB8F000D09293 /* SettingChannelButtonCell.swift */ = {isa = PBXFileReference; lastKnownFileType = sourcecode.swift; path = SettingChannelButtonCell.swift; sourceTree = "<group>"; };
		AA54FCF22CCCB90100D09293 /* MemberCell.swift */ = {isa = PBXFileReference; lastKnownFileType = sourcecode.swift; path = MemberCell.swift; sourceTree = "<group>"; };
		AA54FCF42CCCB91300D09293 /* SettingChannelHeaderViewCell.swift */ = {isa = PBXFileReference; lastKnownFileType = sourcecode.swift; path = SettingChannelHeaderViewCell.swift; sourceTree = "<group>"; };
		AA54FCF72CCCB95900D09293 /* LoginView.swift */ = {isa = PBXFileReference; lastKnownFileType = sourcecode.swift; path = LoginView.swift; sourceTree = "<group>"; };
		AA54FCF92CCCB96C00D09293 /* RegisterChannelView.swift */ = {isa = PBXFileReference; lastKnownFileType = sourcecode.swift; path = RegisterChannelView.swift; sourceTree = "<group>"; };
		AA54FCFB2CCCB97D00D09293 /* InviteMemberView.swift */ = {isa = PBXFileReference; lastKnownFileType = sourcecode.swift; path = InviteMemberView.swift; sourceTree = "<group>"; };
		AA54FCFE2CCCB9A900D09293 /* ChannelView_Home.swift */ = {isa = PBXFileReference; lastKnownFileType = sourcecode.swift; path = ChannelView_Home.swift; sourceTree = "<group>"; };
		AA54FD002CCCB9BB00D09293 /* CategoryListView.swift */ = {isa = PBXFileReference; lastKnownFileType = sourcecode.swift; path = CategoryListView.swift; sourceTree = "<group>"; };
		AA54FD032CCCB9DE00D09293 /* HeaderViewCell.swift */ = {isa = PBXFileReference; lastKnownFileType = sourcecode.swift; path = HeaderViewCell.swift; sourceTree = "<group>"; };
		AA54FD052CCCB9ED00D09293 /* ChannelListCell.swift */ = {isa = PBXFileReference; lastKnownFileType = sourcecode.swift; path = ChannelListCell.swift; sourceTree = "<group>"; };
		AA54FD072CCCB9FE00D09293 /* DirectListCell.swift */ = {isa = PBXFileReference; lastKnownFileType = sourcecode.swift; path = DirectListCell.swift; sourceTree = "<group>"; };
		AA54FD092CCCBA1000D09293 /* ChannelActionSheetCell.swift */ = {isa = PBXFileReference; lastKnownFileType = sourcecode.swift; path = ChannelActionSheetCell.swift; sourceTree = "<group>"; };
		AA54FD0B2CCCBA2200D09293 /* PlusButtonCell.swift */ = {isa = PBXFileReference; lastKnownFileType = sourcecode.swift; path = PlusButtonCell.swift; sourceTree = "<group>"; };
		AA54FD0D2CCCBA3400D09293 /* AddPostCircleCell.swift */ = {isa = PBXFileReference; lastKnownFileType = sourcecode.swift; path = AddPostCircleCell.swift; sourceTree = "<group>"; };
		AA54FD102CCCBA7400D09293 /* ChattingView_Home.swift */ = {isa = PBXFileReference; lastKnownFileType = sourcecode.swift; path = ChattingView_Home.swift; sourceTree = "<group>"; };
		AA54FD132CCCBA9D00D09293 /* ChatMessageRowCell.swift */ = {isa = PBXFileReference; lastKnownFileType = sourcecode.swift; path = ChatMessageRowCell.swift; sourceTree = "<group>"; };
		AA54FD162CCCBABF00D09293 /* DummyMessage.swift */ = {isa = PBXFileReference; lastKnownFileType = sourcecode.swift; path = DummyMessage.swift; sourceTree = "<group>"; };
		AA54FD182CCCBB3400D09293 /* NewMessageView.swift */ = {isa = PBXFileReference; lastKnownFileType = sourcecode.swift; path = NewMessageView.swift; sourceTree = "<group>"; };
/* End PBXFileReference section */

/* Begin PBXFrameworksBuildPhase section */
		6BD397562CCA819500F7097D /* Frameworks */ = {
			isa = PBXFrameworksBuildPhase;
			buildActionMask = 2147483647;
			files = (
			);
			runOnlyForDeploymentPostprocessing = 0;
		};
/* End PBXFrameworksBuildPhase section */

/* Begin PBXGroup section */
		6BA79EC42CCB6C8200FB1310 /* Component */ = {
			isa = PBXGroup;
			children = (
				6BA79EC52CCB6CAE00FB1310 /* WorkSpaceCell.swift */,
				6BA79EC72CCB723800FB1310 /* StoreCoinCell.swift */,
				6BA79EC92CCB796F00FB1310 /* StoreInformationCell.swift */,
				6BA79ECB2CCB7BA700FB1310 /* SpaceManagerListCell.swift */,
				72CA3E5E2CCCE169002FE5C4 /* ProfileNickView.swift */,
				72CA3E602CCD04DB002FE5C4 /* DMListCell.swift */,
				72CA3E622CCD1263002FE5C4 /* CustomButton.swift */,
			);
			path = Component;
			sourceTree = "<group>";
		};
		6BD397502CCA819500F7097D = {
			isa = PBXGroup;
			children = (
				6BD3976C2CCA82D600F7097D /* Secretes.xcconfig */,
				6BD3976A2CCA81AD00F7097D /* .gitignore */,
				6BD3975B2CCA819500F7097D /* ModiSpace */,
				6BD3975A2CCA819500F7097D /* Products */,
			);
			sourceTree = "<group>";
		};
		6BD3975A2CCA819500F7097D /* Products */ = {
			isa = PBXGroup;
			children = (
				6BD397592CCA819500F7097D /* ModiSpace.app */,
			);
			name = Products;
			sourceTree = "<group>";
		};
		6BD3975B2CCA819500F7097D /* ModiSpace */ = {
			isa = PBXGroup;
			children = (
				AA54FCDF2CCCB7C700D09293 /* Application */,
				AA54FCE02CCCB80700D09293 /* Global */,
				AA54FCE92CCCB88100D09293 /* Present */,
				6BA79EC42CCB6C8200FB1310 /* Component */,
				6BD397702CCA8D0A00F7097D /* Modifier */,
				6BD3976D2CCA897800F7097D /* Resource */,
				6BD397622CCA819700F7097D /* Preview Content */,
			);
			path = ModiSpace;
			sourceTree = "<group>";
		};
		6BD397622CCA819700F7097D /* Preview Content */ = {
			isa = PBXGroup;
			children = (
				6BD397632CCA819700F7097D /* Preview Assets.xcassets */,
			);
			path = "Preview Content";
			sourceTree = "<group>";
		};
		6BD3976D2CCA897800F7097D /* Resource */ = {
			isa = PBXGroup;
			children = (
				6BD397602CCA819700F7097D /* Assets.xcassets */,
				6BD3976E2CCA89CE00F7097D /* FontType.swift */,
			);
			path = Resource;
			sourceTree = "<group>";
		};
		6BD397702CCA8D0A00F7097D /* Modifier */ = {
			isa = PBXGroup;
			children = (
				6BD397712CCA8D2500F7097D /* CustomFontModifier.swift */,
			);
			path = Modifier;
			sourceTree = "<group>";
		};
		AA54FCDF2CCCB7C700D09293 /* Application */ = {
			isa = PBXGroup;
			children = (
				6BD3975C2CCA819500F7097D /* ModiSpaceApp.swift */,
				6BD3975E2CCA819500F7097D /* ContentView.swift */,
			);
			path = Application;
			sourceTree = "<group>";
		};
		AA54FCE02CCCB80700D09293 /* Global */ = {
			isa = PBXGroup;
			children = (
				AA54FCE12CCCB81D00D09293 /* endTextEditing.swift */,
				AA54FCE32CCCB83600D09293 /* AlertCell.swift */,
				AA54FCE52CCCB84700D09293 /* InputFieldCell.swift */,
				AA54FCE72CCCB85700D09293 /* BasicLargeButtonCell.swift */,
			);
			path = Global;
			sourceTree = "<group>";
		};
		AA54FCE92CCCB88100D09293 /* Present */ = {
			isa = PBXGroup;
			children = (
				AA54FCEA2CCCB8A700D09293 /* SettingChannelView */,
				AA54FCF62CCCB92F00D09293 /* RegisterView */,
				AA54FCFD2CCCB99600D09293 /* ChannelView */,
				AA54FD0F2CCCBA5F00D09293 /* ChattingView */,
				AA54FD182CCCBB3400D09293 /* NewMessageView.swift */,
			);
			path = Present;
			sourceTree = "<group>";
		};
		AA54FCEA2CCCB8A700D09293 /* SettingChannelView */ = {
			isa = PBXGroup;
			children = (
				AA54FCEB2CCCB8B200D09293 /* SettingChannel_Home.swift */,
				AA54FCED2CCCB8C200D09293 /* MemberList.swift */,
				AA54FCEF2CCCB8D000D09293 /* Component */,
			);
			path = SettingChannelView;
			sourceTree = "<group>";
		};
		AA54FCEF2CCCB8D000D09293 /* Component */ = {
			isa = PBXGroup;
			children = (
				AA54FCF02CCCB8F000D09293 /* SettingChannelButtonCell.swift */,
				AA54FCF22CCCB90100D09293 /* MemberCell.swift */,
				AA54FCF42CCCB91300D09293 /* SettingChannelHeaderViewCell.swift */,
			);
			path = Component;
			sourceTree = "<group>";
		};
		AA54FCF62CCCB92F00D09293 /* RegisterView */ = {
			isa = PBXGroup;
			children = (
				AA54FCF72CCCB95900D09293 /* LoginView.swift */,
				AA54FCF92CCCB96C00D09293 /* RegisterChannelView.swift */,
				AA54FCFB2CCCB97D00D09293 /* InviteMemberView.swift */,
			);
			path = RegisterView;
			sourceTree = "<group>";
		};
		AA54FCFD2CCCB99600D09293 /* ChannelView */ = {
			isa = PBXGroup;
			children = (
				AA54FCFE2CCCB9A900D09293 /* ChannelView_Home.swift */,
				AA54FD002CCCB9BB00D09293 /* CategoryListView.swift */,
				AA54FD022CCCB9CA00D09293 /* Component */,
			);
			path = ChannelView;
			sourceTree = "<group>";
		};
		AA54FD022CCCB9CA00D09293 /* Component */ = {
			isa = PBXGroup;
			children = (
				AA54FD032CCCB9DE00D09293 /* HeaderViewCell.swift */,
				AA54FD052CCCB9ED00D09293 /* ChannelListCell.swift */,
				AA54FD072CCCB9FE00D09293 /* DirectListCell.swift */,
				AA54FD092CCCBA1000D09293 /* ChannelActionSheetCell.swift */,
				AA54FD0B2CCCBA2200D09293 /* PlusButtonCell.swift */,
				AA54FD0D2CCCBA3400D09293 /* AddPostCircleCell.swift */,
			);
			path = Component;
			sourceTree = "<group>";
		};
		AA54FD0F2CCCBA5F00D09293 /* ChattingView */ = {
			isa = PBXGroup;
			children = (
				AA54FD102CCCBA7400D09293 /* ChattingView_Home.swift */,
				AA54FD122CCCBA8D00D09293 /* Component */,
				AA54FD152CCCBAB500D09293 /* DummyMessageModel */,
			);
			path = ChattingView;
			sourceTree = "<group>";
		};
		AA54FD122CCCBA8D00D09293 /* Component */ = {
			isa = PBXGroup;
			children = (
				AA54FD132CCCBA9D00D09293 /* ChatMessageRowCell.swift */,
			);
			path = Component;
			sourceTree = "<group>";
		};
		AA54FD152CCCBAB500D09293 /* DummyMessageModel */ = {
			isa = PBXGroup;
			children = (
				AA54FD162CCCBABF00D09293 /* DummyMessage.swift */,
			);
			path = DummyMessageModel;
			sourceTree = "<group>";
		};
/* End PBXGroup section */

/* Begin PBXNativeTarget section */
		6BD397582CCA819500F7097D /* ModiSpace */ = {
			isa = PBXNativeTarget;
			buildConfigurationList = 6BD397672CCA819700F7097D /* Build configuration list for PBXNativeTarget "ModiSpace" */;
			buildPhases = (
				6BD397552CCA819500F7097D /* Sources */,
				6BD397562CCA819500F7097D /* Frameworks */,
				6BD397572CCA819500F7097D /* Resources */,
			);
			buildRules = (
			);
			dependencies = (
			);
			name = ModiSpace;
			productName = ModiSpace;
			productReference = 6BD397592CCA819500F7097D /* ModiSpace.app */;
			productType = "com.apple.product-type.application";
		};
/* End PBXNativeTarget section */

/* Begin PBXProject section */
		6BD397512CCA819500F7097D /* Project object */ = {
			isa = PBXProject;
			attributes = {
				BuildIndependentTargetsInParallel = 1;
				LastSwiftUpdateCheck = 1530;
				LastUpgradeCheck = 1530;
				TargetAttributes = {
					6BD397582CCA819500F7097D = {
						CreatedOnToolsVersion = 15.3;
					};
				};
			};
			buildConfigurationList = 6BD397542CCA819500F7097D /* Build configuration list for PBXProject "ModiSpace" */;
			compatibilityVersion = "Xcode 14.0";
			developmentRegion = en;
			hasScannedForEncodings = 0;
			knownRegions = (
				en,
				Base,
			);
			mainGroup = 6BD397502CCA819500F7097D;
			productRefGroup = 6BD3975A2CCA819500F7097D /* Products */;
			projectDirPath = "";
			projectRoot = "";
			targets = (
				6BD397582CCA819500F7097D /* ModiSpace */,
			);
		};
/* End PBXProject section */

/* Begin PBXResourcesBuildPhase section */
		6BD397572CCA819500F7097D /* Resources */ = {
			isa = PBXResourcesBuildPhase;
			buildActionMask = 2147483647;
			files = (
				6BD397642CCA819700F7097D /* Preview Assets.xcassets in Resources */,
				6BD3976B2CCA81AD00F7097D /* .gitignore in Resources */,
				6BD397612CCA819700F7097D /* Assets.xcassets in Resources */,
			);
			runOnlyForDeploymentPostprocessing = 0;
		};
/* End PBXResourcesBuildPhase section */

/* Begin PBXSourcesBuildPhase section */
		6BD397552CCA819500F7097D /* Sources */ = {
			isa = PBXSourcesBuildPhase;
			buildActionMask = 2147483647;
			files = (
				AA54FD082CCCB9FE00D09293 /* DirectListCell.swift in Sources */,
				AA54FD0A2CCCBA1000D09293 /* ChannelActionSheetCell.swift in Sources */,
				6BA79ECC2CCB7BA700FB1310 /* SpaceManagerListCell.swift in Sources */,
				6BA79EC82CCB723800FB1310 /* StoreCoinCell.swift in Sources */,
				72CA3E632CCD1263002FE5C4 /* CustomButton.swift in Sources */,
				AA54FD012CCCB9BB00D09293 /* CategoryListView.swift in Sources */,
				6BA79EC62CCB6CAE00FB1310 /* WorkSpaceCell.swift in Sources */,
				AA54FCFC2CCCB97D00D09293 /* InviteMemberView.swift in Sources */,
				AA54FD062CCCB9ED00D09293 /* ChannelListCell.swift in Sources */,
				AA54FD142CCCBA9D00D09293 /* ChatMessageRowCell.swift in Sources */,
				AA54FD172CCCBABF00D09293 /* DummyMessage.swift in Sources */,
				AA54FCF32CCCB90100D09293 /* MemberCell.swift in Sources */,
				AA54FCF52CCCB91300D09293 /* SettingChannelHeaderViewCell.swift in Sources */,
				AA54FD0C2CCCBA2200D09293 /* PlusButtonCell.swift in Sources */,
				AA54FCFA2CCCB96C00D09293 /* RegisterChannelView.swift in Sources */,
				72CA3E612CCD04DB002FE5C4 /* DMListCell.swift in Sources */,
				72CA3E5F2CCCE169002FE5C4 /* ProfileNickView.swift in Sources */,
				AA54FCFF2CCCB9A900D09293 /* ChannelView_Home.swift in Sources */,
				AA54FCEC2CCCB8B200D09293 /* SettingChannel_Home.swift in Sources */,
				6BD397722CCA8D2500F7097D /* CustomFontModifier.swift in Sources */,
				AA54FCEE2CCCB8C200D09293 /* MemberList.swift in Sources */,
				AA54FCE22CCCB81D00D09293 /* endTextEditing.swift in Sources */,
				6BD3976F2CCA89CE00F7097D /* FontType.swift in Sources */,
				AA54FCE82CCCB85700D09293 /* BasicLargeButtonCell.swift in Sources */,
				AA54FCE62CCCB84700D09293 /* InputFieldCell.swift in Sources */,
				AA54FD112CCCBA7400D09293 /* ChattingView_Home.swift in Sources */,
				AA54FCF82CCCB95900D09293 /* LoginView.swift in Sources */,
				6BA79ECA2CCB796F00FB1310 /* StoreInformationCell.swift in Sources */,
				AA54FD192CCCBB3400D09293 /* NewMessageView.swift in Sources */,
				AA54FCF12CCCB8F000D09293 /* SettingChannelButtonCell.swift in Sources */,
				AA54FD042CCCB9DE00D09293 /* HeaderViewCell.swift in Sources */,
				6BD3975F2CCA819500F7097D /* ContentView.swift in Sources */,
				AA54FCE42CCCB83600D09293 /* AlertCell.swift in Sources */,
				6BD3975D2CCA819500F7097D /* ModiSpaceApp.swift in Sources */,
				AA54FD0E2CCCBA3400D09293 /* AddPostCircleCell.swift in Sources */,
			);
			runOnlyForDeploymentPostprocessing = 0;
		};
/* End PBXSourcesBuildPhase section */

/* Begin XCBuildConfiguration section */
		6BD397652CCA819700F7097D /* Debug */ = {
			isa = XCBuildConfiguration;
			buildSettings = {
				ALWAYS_SEARCH_USER_PATHS = NO;
				ASSETCATALOG_COMPILER_GENERATE_SWIFT_ASSET_SYMBOL_EXTENSIONS = YES;
				CLANG_ANALYZER_NONNULL = YES;
				CLANG_ANALYZER_NUMBER_OBJECT_CONVERSION = YES_AGGRESSIVE;
				CLANG_CXX_LANGUAGE_STANDARD = "gnu++20";
				CLANG_ENABLE_MODULES = YES;
				CLANG_ENABLE_OBJC_ARC = YES;
				CLANG_ENABLE_OBJC_WEAK = YES;
				CLANG_WARN_BLOCK_CAPTURE_AUTORELEASING = YES;
				CLANG_WARN_BOOL_CONVERSION = YES;
				CLANG_WARN_COMMA = YES;
				CLANG_WARN_CONSTANT_CONVERSION = YES;
				CLANG_WARN_DEPRECATED_OBJC_IMPLEMENTATIONS = YES;
				CLANG_WARN_DIRECT_OBJC_ISA_USAGE = YES_ERROR;
				CLANG_WARN_DOCUMENTATION_COMMENTS = YES;
				CLANG_WARN_EMPTY_BODY = YES;
				CLANG_WARN_ENUM_CONVERSION = YES;
				CLANG_WARN_INFINITE_RECURSION = YES;
				CLANG_WARN_INT_CONVERSION = YES;
				CLANG_WARN_NON_LITERAL_NULL_CONVERSION = YES;
				CLANG_WARN_OBJC_IMPLICIT_RETAIN_SELF = YES;
				CLANG_WARN_OBJC_LITERAL_CONVERSION = YES;
				CLANG_WARN_OBJC_ROOT_CLASS = YES_ERROR;
				CLANG_WARN_QUOTED_INCLUDE_IN_FRAMEWORK_HEADER = YES;
				CLANG_WARN_RANGE_LOOP_ANALYSIS = YES;
				CLANG_WARN_STRICT_PROTOTYPES = YES;
				CLANG_WARN_SUSPICIOUS_MOVE = YES;
				CLANG_WARN_UNGUARDED_AVAILABILITY = YES_AGGRESSIVE;
				CLANG_WARN_UNREACHABLE_CODE = YES;
				CLANG_WARN__DUPLICATE_METHOD_MATCH = YES;
				COPY_PHASE_STRIP = NO;
				DEBUG_INFORMATION_FORMAT = dwarf;
				ENABLE_STRICT_OBJC_MSGSEND = YES;
				ENABLE_TESTABILITY = YES;
				ENABLE_USER_SCRIPT_SANDBOXING = YES;
				GCC_C_LANGUAGE_STANDARD = gnu17;
				GCC_DYNAMIC_NO_PIC = NO;
				GCC_NO_COMMON_BLOCKS = YES;
				GCC_OPTIMIZATION_LEVEL = 0;
				GCC_PREPROCESSOR_DEFINITIONS = (
					"DEBUG=1",
					"$(inherited)",
				);
				GCC_WARN_64_TO_32_BIT_CONVERSION = YES;
				GCC_WARN_ABOUT_RETURN_TYPE = YES_ERROR;
				GCC_WARN_UNDECLARED_SELECTOR = YES;
				GCC_WARN_UNINITIALIZED_AUTOS = YES_AGGRESSIVE;
				GCC_WARN_UNUSED_FUNCTION = YES;
				GCC_WARN_UNUSED_VARIABLE = YES;
				IPHONEOS_DEPLOYMENT_TARGET = 17.4;
				LOCALIZATION_PREFERS_STRING_CATALOGS = YES;
				MTL_ENABLE_DEBUG_INFO = INCLUDE_SOURCE;
				MTL_FAST_MATH = YES;
				ONLY_ACTIVE_ARCH = YES;
				SDKROOT = iphoneos;
				SWIFT_ACTIVE_COMPILATION_CONDITIONS = "DEBUG $(inherited)";
				SWIFT_OPTIMIZATION_LEVEL = "-Onone";
			};
			name = Debug;
		};
		6BD397662CCA819700F7097D /* Release */ = {
			isa = XCBuildConfiguration;
			buildSettings = {
				ALWAYS_SEARCH_USER_PATHS = NO;
				ASSETCATALOG_COMPILER_GENERATE_SWIFT_ASSET_SYMBOL_EXTENSIONS = YES;
				CLANG_ANALYZER_NONNULL = YES;
				CLANG_ANALYZER_NUMBER_OBJECT_CONVERSION = YES_AGGRESSIVE;
				CLANG_CXX_LANGUAGE_STANDARD = "gnu++20";
				CLANG_ENABLE_MODULES = YES;
				CLANG_ENABLE_OBJC_ARC = YES;
				CLANG_ENABLE_OBJC_WEAK = YES;
				CLANG_WARN_BLOCK_CAPTURE_AUTORELEASING = YES;
				CLANG_WARN_BOOL_CONVERSION = YES;
				CLANG_WARN_COMMA = YES;
				CLANG_WARN_CONSTANT_CONVERSION = YES;
				CLANG_WARN_DEPRECATED_OBJC_IMPLEMENTATIONS = YES;
				CLANG_WARN_DIRECT_OBJC_ISA_USAGE = YES_ERROR;
				CLANG_WARN_DOCUMENTATION_COMMENTS = YES;
				CLANG_WARN_EMPTY_BODY = YES;
				CLANG_WARN_ENUM_CONVERSION = YES;
				CLANG_WARN_INFINITE_RECURSION = YES;
				CLANG_WARN_INT_CONVERSION = YES;
				CLANG_WARN_NON_LITERAL_NULL_CONVERSION = YES;
				CLANG_WARN_OBJC_IMPLICIT_RETAIN_SELF = YES;
				CLANG_WARN_OBJC_LITERAL_CONVERSION = YES;
				CLANG_WARN_OBJC_ROOT_CLASS = YES_ERROR;
				CLANG_WARN_QUOTED_INCLUDE_IN_FRAMEWORK_HEADER = YES;
				CLANG_WARN_RANGE_LOOP_ANALYSIS = YES;
				CLANG_WARN_STRICT_PROTOTYPES = YES;
				CLANG_WARN_SUSPICIOUS_MOVE = YES;
				CLANG_WARN_UNGUARDED_AVAILABILITY = YES_AGGRESSIVE;
				CLANG_WARN_UNREACHABLE_CODE = YES;
				CLANG_WARN__DUPLICATE_METHOD_MATCH = YES;
				COPY_PHASE_STRIP = NO;
				DEBUG_INFORMATION_FORMAT = "dwarf-with-dsym";
				ENABLE_NS_ASSERTIONS = NO;
				ENABLE_STRICT_OBJC_MSGSEND = YES;
				ENABLE_USER_SCRIPT_SANDBOXING = YES;
				GCC_C_LANGUAGE_STANDARD = gnu17;
				GCC_NO_COMMON_BLOCKS = YES;
				GCC_WARN_64_TO_32_BIT_CONVERSION = YES;
				GCC_WARN_ABOUT_RETURN_TYPE = YES_ERROR;
				GCC_WARN_UNDECLARED_SELECTOR = YES;
				GCC_WARN_UNINITIALIZED_AUTOS = YES_AGGRESSIVE;
				GCC_WARN_UNUSED_FUNCTION = YES;
				GCC_WARN_UNUSED_VARIABLE = YES;
				IPHONEOS_DEPLOYMENT_TARGET = 17.4;
				LOCALIZATION_PREFERS_STRING_CATALOGS = YES;
				MTL_ENABLE_DEBUG_INFO = NO;
				MTL_FAST_MATH = YES;
				SDKROOT = iphoneos;
				SWIFT_COMPILATION_MODE = wholemodule;
				VALIDATE_PRODUCT = YES;
			};
			name = Release;
		};
		6BD397682CCA819700F7097D /* Debug */ = {
			isa = XCBuildConfiguration;
			buildSettings = {
				ASSETCATALOG_COMPILER_APPICON_NAME = AppIcon;
				ASSETCATALOG_COMPILER_GLOBAL_ACCENT_COLOR_NAME = AccentColor;
				CODE_SIGN_STYLE = Automatic;
				CURRENT_PROJECT_VERSION = 1;
				DEVELOPMENT_ASSET_PATHS = "\"ModiSpace/Preview Content\"";
				DEVELOPMENT_TEAM = F8Q3Y446GH;
				ENABLE_PREVIEWS = YES;
				GENERATE_INFOPLIST_FILE = YES;
				INFOPLIST_KEY_UIApplicationSceneManifest_Generation = YES;
				INFOPLIST_KEY_UIApplicationSupportsIndirectInputEvents = YES;
				INFOPLIST_KEY_UILaunchScreen_Generation = YES;
				INFOPLIST_KEY_UISupportedInterfaceOrientations_iPad = "UIInterfaceOrientationPortrait UIInterfaceOrientationPortraitUpsideDown UIInterfaceOrientationLandscapeLeft UIInterfaceOrientationLandscapeRight";
				INFOPLIST_KEY_UISupportedInterfaceOrientations_iPhone = "UIInterfaceOrientationPortrait UIInterfaceOrientationLandscapeLeft UIInterfaceOrientationLandscapeRight";
				IPHONEOS_DEPLOYMENT_TARGET = 16.0;
				LD_RUNPATH_SEARCH_PATHS = (
					"$(inherited)",
					"@executable_path/Frameworks",
				);
				MARKETING_VERSION = 1.0;
				PRODUCT_BUNDLE_IDENTIFIER = beom.ModiSpace;
				PRODUCT_NAME = "$(TARGET_NAME)";
				SUPPORTED_PLATFORMS = "iphoneos iphonesimulator";
				SUPPORTS_MACCATALYST = NO;
				SUPPORTS_XR_DESIGNED_FOR_IPHONE_IPAD = NO;
				SWIFT_EMIT_LOC_STRINGS = YES;
				SWIFT_VERSION = 5.0;
				TARGETED_DEVICE_FAMILY = "1,2";
			};
			name = Debug;
		};
		6BD397692CCA819700F7097D /* Release */ = {
			isa = XCBuildConfiguration;
			buildSettings = {
				ASSETCATALOG_COMPILER_APPICON_NAME = AppIcon;
				ASSETCATALOG_COMPILER_GLOBAL_ACCENT_COLOR_NAME = AccentColor;
				CODE_SIGN_STYLE = Automatic;
				CURRENT_PROJECT_VERSION = 1;
				DEVELOPMENT_ASSET_PATHS = "\"ModiSpace/Preview Content\"";
				DEVELOPMENT_TEAM = F8Q3Y446GH;
				ENABLE_PREVIEWS = YES;
				GENERATE_INFOPLIST_FILE = YES;
				INFOPLIST_KEY_UIApplicationSceneManifest_Generation = YES;
				INFOPLIST_KEY_UIApplicationSupportsIndirectInputEvents = YES;
				INFOPLIST_KEY_UILaunchScreen_Generation = YES;
				INFOPLIST_KEY_UISupportedInterfaceOrientations_iPad = "UIInterfaceOrientationPortrait UIInterfaceOrientationPortraitUpsideDown UIInterfaceOrientationLandscapeLeft UIInterfaceOrientationLandscapeRight";
				INFOPLIST_KEY_UISupportedInterfaceOrientations_iPhone = "UIInterfaceOrientationPortrait UIInterfaceOrientationLandscapeLeft UIInterfaceOrientationLandscapeRight";
				IPHONEOS_DEPLOYMENT_TARGET = 16.0;
				LD_RUNPATH_SEARCH_PATHS = (
					"$(inherited)",
					"@executable_path/Frameworks",
				);
				MARKETING_VERSION = 1.0;
				PRODUCT_BUNDLE_IDENTIFIER = beom.ModiSpace;
				PRODUCT_NAME = "$(TARGET_NAME)";
				SUPPORTED_PLATFORMS = "iphoneos iphonesimulator";
				SUPPORTS_MACCATALYST = NO;
				SUPPORTS_XR_DESIGNED_FOR_IPHONE_IPAD = NO;
				SWIFT_EMIT_LOC_STRINGS = YES;
				SWIFT_VERSION = 5.0;
				TARGETED_DEVICE_FAMILY = "1,2";
			};
			name = Release;
		};
/* End XCBuildConfiguration section */

/* Begin XCConfigurationList section */
		6BD397542CCA819500F7097D /* Build configuration list for PBXProject "ModiSpace" */ = {
			isa = XCConfigurationList;
			buildConfigurations = (
				6BD397652CCA819700F7097D /* Debug */,
				6BD397662CCA819700F7097D /* Release */,
			);
			defaultConfigurationIsVisible = 0;
			defaultConfigurationName = Release;
		};
		6BD397672CCA819700F7097D /* Build configuration list for PBXNativeTarget "ModiSpace" */ = {
			isa = XCConfigurationList;
			buildConfigurations = (
				6BD397682CCA819700F7097D /* Debug */,
				6BD397692CCA819700F7097D /* Release */,
			);
			defaultConfigurationIsVisible = 0;
			defaultConfigurationName = Release;
		};
/* End XCConfigurationList section */
	};
	rootObject = 6BD397512CCA819500F7097D /* Project object */;
}
